
Microsoft Visual Studio Solution File, Format Version 12.00
# Visual Studio Version 16
VisualStudioVersion = 16.0.29418.71
MinimumVisualStudioVersion = 10.0.40219.1
Project("{FAE04EC0-301F-11D3-BF4B-00C04F79EFBC}") = "ReadVisio", "ReadVisio\ReadVisio.csproj", "{0E3059E3-11FB-4A93-B46E-5A79F1060898}"
EndProject
Global
	GlobalSection(SolutionConfigurationPlatforms) = preSolution
		Debug|Any CPU = Debug|Any CPU
		Release|Any CPU = Release|Any CPU
	EndGlobalSection
	GlobalSection(ProjectConfigurationPlatforms) = postSolution
		{0E3059E3-11FB-4A93-B46E-5A79F1060898}.Debug|Any CPU.ActiveCfg = Debug|Any CPU
		{0E3059E3-11FB-4A93-B46E-5A79F1060898}.Debug|Any CPU.Build.0 = Debug|Any CPU
		{0E3059E3-11FB-4A93-B46E-5A79F1060898}.Release|Any CPU.ActiveCfg = Release|Any CPU
		{0E3059E3-11FB-4A93-B46E-5A79F1060898}.Release|Any CPU.Build.0 = Release|Any CPU
	EndGlobalSection
	GlobalSection(SolutionProperties) = preSolution
		HideSolutionNode = FALSE
	EndGlobalSection
	GlobalSection(ExtensibilityGlobals) = postSolution
		SolutionGuid = {BFF56C9B-C5AB-46FE-9999-1CCE21A09E85}
	EndGlobalSection
EndGlobal
